PODS:
  - Alamofire (5.0.5)
  - CZWNetworking (1.1.4):
    - Alamofire (= 5.0.5)
    - ReactiveCocoa (= 10.2.0)
  - Kingfisher (5.12.0):
    - Kingfisher/Core (= 5.12.0)
  - Kingfisher/Core (5.12.0)
  - ReactiveCocoa (10.2.0):
    - ReactiveSwift (~> 6.2)
  - ReactiveSwift (6.2.1)
  - SnapKit (4.2.0)

DEPENDENCIES:
  - CZWNetworking (from `../`)
  - Kingfisher (= 5.12.0)
  - SnapKit (~> 4.2.0)

SPEC REPOS:
  https://github.com/CocoaPods/Specs.git:
    - Alamofire
    - Kingfisher
    - ReactiveCocoa
    - ReactiveSwift
    - SnapKit

EXTERNAL SOURCES:
  CZWNetworking:
    :path: "../"

SPEC CHECKSUMS:
  Alamofire: df2f8f826963b08b9a870791ad48e07a10090b2e
  CZWNetworking: 780358f269815abf7495c178b053c57436d13c29
  Kingfisher: dc6e0f53bb5b12c3e75bedb0e01bbd7a640eea69
  ReactiveCocoa: a123c42f449c552460a4ee217dd49c76a17c8204
  ReactiveSwift: 07ddf579f4eb3ee3bd656214f0461aaf2c0fd639
  SnapKit: fe8a619752f3f27075cc9a90244d75c6c3f27e2a

PODFILE CHECKSUM: 13874546a866f31bf00560059c094cbc4f696d6b

COCOAPODS: 1.9.3
